
Microsoft Visual Studio Solution File, Format Version 12.00
# Visual Studio Version 16
VisualStudioVersion = 16.0.30320.27
MinimumVisualStudioVersion = 10.0.40219.1
Project("{FAE04EC0-301F-11D3-BF4B-00C04F79EFBC}") = "SteekiT", "SteekiT\SteekiT.csproj", "{EEA09D93-34C5-43B6-805A-64B3C9D7FBD9}"
EndProject
Global
	GlobalSection(SolutionConfigurationPlatforms) = preSolution
		Debug|Any CPU = Debug|Any CPU
		Release|Any CPU = Release|Any CPU
	EndGlobalSection
	GlobalSection(ProjectConfigurationPlatforms) = postSolution
		{EEA09D93-34C5-43B6-805A-64B3C9D7FBD9}.Debug|Any CPU.ActiveCfg = Debug|Any CPU
		{EEA09D93-34C5-43B6-805A-64B3C9D7FBD9}.Debug|Any CPU.Build.0 = Debug|Any CPU
		{EEA09D93-34C5-43B6-805A-64B3C9D7FBD9}.Release|Any CPU.ActiveCfg = Release|Any CPU
		{EEA09D93-34C5-43B6-805A-64B3C9D7FBD9}.Release|Any CPU.Build.0 = Release|Any CPU
	EndGlobalSection
	GlobalSection(SolutionProperties) = preSolution
		HideSolutionNode = FALSE
	EndGlobalSection
	GlobalSection(ExtensibilityGlobals) = postSolution
		SolutionGuid = {4896A783-0842-49E8-AB8B-421C3A8D6B6D}
	EndGlobalSection
EndGlobal
